{
  "requires": true,
  "lockfileVersion": 1,
  "dependencies": {
    "react-fast-marquee": {
      "version": "1.3.1",
      "resolved": "https://registry.npmjs.org/react-fast-marquee/-/react-fast-marquee-1.3.1.tgz",
      "integrity": "sha512-JUlQMU+IVVNKV+D4BRfRaNEaBj+VyHcI0uupBKyeFhkSY2GBkKw7oGvpNdCkPtKd8Q3H0M5eY7PyUj7AdmKCRA=="
    }
  }
}
